
Microsoft Visual Studio Solution File, Format Version 12.00
# Visual Studio Version 16
VisualStudioVersion = 16.0.29519.87
MinimumVisualStudioVersion = 10.0.40219.1
Project("{FAE04EC0-301F-11D3-BF4B-00C04F79EFBC}") = "Canteen", "Canteen\Canteen.csproj", "{DAC27039-07C9-47DB-84F8-30900A251DF4}"
EndProject
Global
	GlobalSection(SolutionConfigurationPlatforms) = preSolution
		Debug|Any CPU = Debug|Any CPU
		Release|Any CPU = Release|Any CPU
	EndGlobalSection
	GlobalSection(ProjectConfigurationPlatforms) = postSolution
		{DAC27039-07C9-47DB-84F8-30900A251DF4}.Debug|Any CPU.ActiveCfg = Debug|Any CPU
		{DAC27039-07C9-47DB-84F8-30900A251DF4}.Debug|Any CPU.Build.0 = Debug|Any CPU
		{DAC27039-07C9-47DB-84F8-30900A251DF4}.Release|Any CPU.ActiveCfg = Release|Any CPU
		{DAC27039-07C9-47DB-84F8-30900A251DF4}.Release|Any CPU.Build.0 = Release|Any CPU
	EndGlobalSection
	GlobalSection(SolutionProperties) = preSolution
		HideSolutionNode = FALSE
	EndGlobalSection
	GlobalSection(ExtensibilityGlobals) = postSolution
		SolutionGuid = {3232FB86-0816-400C-9B74-77E001C52618}
	EndGlobalSection
EndGlobal
